
Microsoft Visual Studio Solution File, Format Version 12.00
# Visual Studio Version 17
VisualStudioVersion = 17.0.31912.275
MinimumVisualStudioVersion = 10.0.40219.1
Project("{9A19103F-16F7-4668-BE54-9A1E7A4F7556}") = "ExperienceBot", "ExperienceBot\ExperienceBot.csproj", "{FFEB1DF0-1553-41E5-A25D-832586C6408E}"
EndProject
Project("{2150E333-8FDC-42A3-9474-1A3956D46DE8}") = "Solution Items", "Solution Items", "{BE688779-70D0-412F-ADEA-F376C91A08CB}"
	ProjectSection(SolutionItems) = preProject
		.editorconfig = .editorconfig
	EndProjectSection
EndProject
Global
	GlobalSection(SolutionConfigurationPlatforms) = preSolution
		Debug|Any CPU = Debug|Any CPU
		Release|Any CPU = Release|Any CPU
	EndGlobalSection
	GlobalSection(ProjectConfigurationPlatforms) = postSolution
		{FFEB1DF0-1553-41E5-A25D-832586C6408E}.Debug|Any CPU.ActiveCfg = Debug|Any CPU
		{FFEB1DF0-1553-41E5-A25D-832586C6408E}.Debug|Any CPU.Build.0 = Debug|Any CPU
		{FFEB1DF0-1553-41E5-A25D-832586C6408E}.Release|Any CPU.ActiveCfg = Release|Any CPU
		{FFEB1DF0-1553-41E5-A25D-832586C6408E}.Release|Any CPU.Build.0 = Release|Any CPU
	EndGlobalSection
	GlobalSection(SolutionProperties) = preSolution
		HideSolutionNode = FALSE
	EndGlobalSection
	GlobalSection(ExtensibilityGlobals) = postSolution
		SolutionGuid = {41BA5754-5600-4338-98DA-B5FC83531860}
	EndGlobalSection
EndGlobal
